
Microsoft Visual Studio Solution File, Format Version 12.00
# Visual Studio Version 16
VisualStudioVersion = 16.0.32413.511
MinimumVisualStudioVersion = 10.0.40219.1
Project("{FAE04EC0-301F-11D3-BF4B-00C04F79EFBC}") = "Proyecto_Estadistica_II", "Proyecto_Estadistica_II\Proyecto_Estadistica_II.csproj", "{1D1622A1-BB5C-46C0-A1DD-9E877E443AB5}"
EndProject
Project("{54435603-DBB4-11D2-8724-00A0C9A8B90C}") = "EstadisticaII", "EstadisticaII\EstadisticaII.vdproj", "{ADCDBFA4-4E0D-4C3C-A2EE-3174023B2F64}"
EndProject
Global
	GlobalSection(SolutionConfigurationPlatforms) = preSolution
		Debug|Any CPU = Debug|Any CPU
		Release|Any CPU = Release|Any CPU
	EndGlobalSection
	GlobalSection(ProjectConfigurationPlatforms) = postSolution
		{1D1622A1-BB5C-46C0-A1DD-9E877E443AB5}.Debug|Any CPU.ActiveCfg = Debug|Any CPU
		{1D1622A1-BB5C-46C0-A1DD-9E877E443AB5}.Debug|Any CPU.Build.0 = Debug|Any CPU
		{1D1622A1-BB5C-46C0-A1DD-9E877E443AB5}.Release|Any CPU.ActiveCfg = Release|Any CPU
		{1D1622A1-BB5C-46C0-A1DD-9E877E443AB5}.Release|Any CPU.Build.0 = Release|Any CPU
		{ADCDBFA4-4E0D-4C3C-A2EE-3174023B2F64}.Debug|Any CPU.ActiveCfg = Debug
		{ADCDBFA4-4E0D-4C3C-A2EE-3174023B2F64}.Release|Any CPU.ActiveCfg = Release
	EndGlobalSection
	GlobalSection(SolutionProperties) = preSolution
		HideSolutionNode = FALSE
	EndGlobalSection
	GlobalSection(ExtensibilityGlobals) = postSolution
		SolutionGuid = {BE25D309-90F3-4367-87EE-FF6D9906D3B6}
	EndGlobalSection
EndGlobal
